
Microsoft Visual Studio Solution File, Format Version 12.00
# Visual Studio Version 16
VisualStudioVersion = 16.0.810.9
MinimumVisualStudioVersion = 10.0.40219.1
Project("{FAE04EC0-301F-11D3-BF4B-00C04F79EFBC}") = "GoPizzaPractical", "GoPizzaPractical\GoPizzaPractical.csproj", "{36245F36-820E-4BD3-B302-F33C49162797}"
EndProject
Project("{FAE04EC0-301F-11D3-BF4B-00C04F79EFBC}") = "GoPizzaPractical.Fixture", "GoPizzaPractical.Fixture\GoPizzaPractical.Fixture.csproj", "{4B85A907-78F4-4E00-9F79-1CB957C0A597}"
EndProject
Global
	GlobalSection(SolutionConfigurationPlatforms) = preSolution
		Debug|Any CPU = Debug|Any CPU
		Release|Any CPU = Release|Any CPU
	EndGlobalSection
	GlobalSection(ProjectConfigurationPlatforms) = postSolution
		{36245F36-820E-4BD3-B302-F33C49162797}.Debug|Any CPU.ActiveCfg = Debug|Any CPU
		{36245F36-820E-4BD3-B302-F33C49162797}.Debug|Any CPU.Build.0 = Debug|Any CPU
		{36245F36-820E-4BD3-B302-F33C49162797}.Release|Any CPU.ActiveCfg = Release|Any CPU
		{36245F36-820E-4BD3-B302-F33C49162797}.Release|Any CPU.Build.0 = Release|Any CPU
		{4B85A907-78F4-4E00-9F79-1CB957C0A597}.Debug|Any CPU.ActiveCfg = Debug|Any CPU
		{4B85A907-78F4-4E00-9F79-1CB957C0A597}.Debug|Any CPU.Build.0 = Debug|Any CPU
		{4B85A907-78F4-4E00-9F79-1CB957C0A597}.Release|Any CPU.ActiveCfg = Release|Any CPU
		{4B85A907-78F4-4E00-9F79-1CB957C0A597}.Release|Any CPU.Build.0 = Release|Any CPU
	EndGlobalSection
	GlobalSection(SolutionProperties) = preSolution
		HideSolutionNode = FALSE
	EndGlobalSection
	GlobalSection(ExtensibilityGlobals) = postSolution
		SolutionGuid = {2C5A8EE9-516A-4089-8E92-4A74E220164F}
	EndGlobalSection
EndGlobal
